
Microsoft Visual Studio Solution File, Format Version 12.00
Project("{FAE04EC0-301F-11D3-BF4B-00C04F79EFBC}") = "RetroRelics", "RetroRelics\RetroRelics.csproj", "{D967BE8A-48D7-4301-B355-D9464B986A01}"
EndProject
Global
	GlobalSection(SolutionConfigurationPlatforms) = preSolution
		Debug|Any CPU = Debug|Any CPU
		Release|Any CPU = Release|Any CPU
	EndGlobalSection
	GlobalSection(ProjectConfigurationPlatforms) = postSolution
		{D967BE8A-48D7-4301-B355-D9464B986A01}.Debug|Any CPU.ActiveCfg = Debug|Any CPU
		{D967BE8A-48D7-4301-B355-D9464B986A01}.Debug|Any CPU.Build.0 = Debug|Any CPU
		{D967BE8A-48D7-4301-B355-D9464B986A01}.Release|Any CPU.ActiveCfg = Release|Any CPU
		{D967BE8A-48D7-4301-B355-D9464B986A01}.Release|Any CPU.Build.0 = Release|Any CPU
	EndGlobalSection
EndGlobal
